
Microsoft Visual Studio Solution File, Format Version 12.00
# Visual Studio Version 16
VisualStudioVersion = 16.0.30907.101
MinimumVisualStudioVersion = 10.0.40219.1
Project("{FAE04EC0-301F-11D3-BF4B-00C04F79EFBC}") = "KolkoKrzyzyk-UslugaWCF", "KolkoKrzyzyk-UslugaWCF\KolkoKrzyzyk-UslugaWCF.csproj", "{87564172-76FD-4694-8736-B933D879FAE5}"
EndProject
Project("{FAE04EC0-301F-11D3-BF4B-00C04F79EFBC}") = "KolkoKrzyzyk", "KolkoKrzyzyk\KolkoKrzyzyk.csproj", "{86D67579-F1F1-4271-8358-F4D1D85028F5}"
	ProjectSection(ProjectDependencies) = postProject
		{87564172-76FD-4694-8736-B933D879FAE5} = {87564172-76FD-4694-8736-B933D879FAE5}
	EndProjectSection
EndProject
Global
	GlobalSection(SolutionConfigurationPlatforms) = preSolution
		Debug|Any CPU = Debug|Any CPU
		Release|Any CPU = Release|Any CPU
	EndGlobalSection
	GlobalSection(ProjectConfigurationPlatforms) = postSolution
		{87564172-76FD-4694-8736-B933D879FAE5}.Debug|Any CPU.ActiveCfg = Debug|Any CPU
		{87564172-76FD-4694-8736-B933D879FAE5}.Debug|Any CPU.Build.0 = Debug|Any CPU
		{87564172-76FD-4694-8736-B933D879FAE5}.Release|Any CPU.ActiveCfg = Release|Any CPU
		{87564172-76FD-4694-8736-B933D879FAE5}.Release|Any CPU.Build.0 = Release|Any CPU
		{86D67579-F1F1-4271-8358-F4D1D85028F5}.Debug|Any CPU.ActiveCfg = Debug|Any CPU
		{86D67579-F1F1-4271-8358-F4D1D85028F5}.Debug|Any CPU.Build.0 = Debug|Any CPU
		{86D67579-F1F1-4271-8358-F4D1D85028F5}.Release|Any CPU.ActiveCfg = Release|Any CPU
		{86D67579-F1F1-4271-8358-F4D1D85028F5}.Release|Any CPU.Build.0 = Release|Any CPU
	EndGlobalSection
	GlobalSection(SolutionProperties) = preSolution
		HideSolutionNode = FALSE
	EndGlobalSection
	GlobalSection(ExtensibilityGlobals) = postSolution
		SolutionGuid = {A824F97C-3B01-471F-92D7-4978383C088D}
	EndGlobalSection
EndGlobal
